// !$*UTF8*$!
{
	archiveVersion = 1;
	classes = {
	};
	objectVersion = 48;
	objects = {

/* Begin PBXBuildFile section */
		18E63A2B200D316E00F232E0 /* AppDelegate.swift in Sources */ = {isa = PBXBuildFile; fileRef = 18E63A2A200D316E00F232E0 /* AppDelegate.swift */; };
		18E63A2D200D316E00F232E0 /* ViewController.swift in Sources */ = {isa = PBXBuildFile; fileRef = 18E63A2C200D316E00F232E0 /* ViewController.swift */; };
		18E63A30200D316E00F232E0 /* Main.storyboard in Resources */ = {isa = PBXBuildFile; fileRef = 18E63A2E200D316E00F232E0 /* Main.storyboard */; };
		18E63A32200D316E00F232E0 /* Assets.xcassets in Resources */ = {isa = PBXBuildFile; fileRef = 18E63A31200D316E00F232E0 /* Assets.xcassets */; };
		18E63A35200D316E00F232E0 /* LaunchScreen.storyboard in Resources */ = {isa = PBXBuildFile; fileRef = 18E63A33200D316E00F232E0 /* LaunchScreen.storyboard */; };
		18E63A40200D316E00F232E0 /* MiraclePillTests.swift in Sources */ = {isa = PBXBuildFile; fileRef = 18E63A3F200D316E00F232E0 /* MiraclePillTests.swift */; };
		18E63A4B200D316E00F232E0 /* MiraclePillUITests.swift in Sources */ = {isa = PBXBuildFile; fileRef = 18E63A4A200D316E00F232E0 /* MiraclePillUITests.swift */; };
/* End PBXBuildFile section */

/* Begin PBXContainerItemProxy section */
		18E63A3C200D316E00F232E0 /* PBXContainerItemProxy */ = {
			isa = PBXContainerItemProxy;
			containerPortal = 18E63A1F200D316E00F232E0 /* Project object */;
			proxyType = 1;
			remoteGlobalIDString = 18E63A26200D316E00F232E0;
			remoteInfo = MiraclePill;
		};
		18E63A47200D316E00F232E0 /* PBXContainerItemProxy */ = {
			isa = PBXContainerItemProxy;
			containerPortal = 18E63A1F200D316E00F232E0 /* Project object */;
			proxyType = 1;
			remoteGlobalIDString = 18E63A26200D316E00F232E0;
			remoteInfo = MiraclePill;
		};
/* End PBXContainerItemProxy section */

/* Begin PBXFileReference section */
		18E63A27200D316E00F232E0 /* MiraclePill.app */ = {isa = PBXFileReference; explicitFileType = wrapper.application; includeInIndex = 0; path = MiraclePill.app; sourceTree = BUILT_PRODUCTS_DIR; };
		18E63A2A200D316E00F232E0 /* AppDelegate.swift */ = {isa = PBXFileReference; lastKnownFileType = sourcecode.swift; path = AppDelegate.swift; sourceTree = "<group>"; };
		18E63A2C200D316E00F232E0 /* ViewController.swift */ = {isa = PBXFileReference; lastKnownFileType = sourcecode.swift; path = ViewController.swift; sourceTree = "<group>"; };
		18E63A2F200D316E00F232E0 /* Base */ = {isa = PBXFileReference; lastKnownFileType = file.storyboard; name = Base; path = Base.lproj/Main.storyboard; sourceTree = "<group>"; };
		18E63A31200D316E00F232E0 /* Assets.xcassets */ = {isa = PBXFileReference; lastKnownFileType = folder.assetcatalog; path = Assets.xcassets; sourceTree = "<group>"; };
		18E63A34200D316E00F232E0 /* Base */ = {isa = PBXFileReference; lastKnownFileType = file.storyboard; name = Base; path = Base.lproj/LaunchScreen.storyboard; sourceTree = "<group>"; };
		18E63A36200D316E00F232E0 /* Info.plist */ = {isa = PBXFileReference; lastKnownFileType = text.plist.xml; path = Info.plist; sourceTree = "<group>"; };
		18E63A3B200D316E00F232E0 /* MiraclePillTests.xctest */ = {isa = PBXFileReference; explicitFileType = wrapper.cfbundle; includeInIndex = 0; path = MiraclePillTests.xctest; sourceTree = BUILT_PRODUCTS_DIR; };
		18E63A3F200D316E00F232E0 /* MiraclePillTests.swift */ = {isa = PBXFileReference; lastKnownFileType = sourcecode.swift; path = MiraclePillTests.swift; sourceTree = "<group>"; };
		18E63A41200D316E00F232E0 /* Info.plist */ = {isa = PBXFileReference; lastKnownFileType = text.plist.xml; path = Info.plist; sourceTree = "<group>"; };
		18E63A46200D316E00F232E0 /* MiraclePillUITests.xctest */ = {isa = PBXFileReference; explicitFileType = wrapper.cfbundle; includeInIndex = 0; path = MiraclePillUITests.xctest; sourceTree = BUILT_PRODUCTS_DIR; };
		18E63A4A200D316E00F232E0 /* MiraclePillUITests.swift */ = {isa = PBXFileReference; lastKnownFileType = sourcecode.swift; path = MiraclePillUITests.swift; sourceTree = "<group>"; };
		18E63A4C200D316F00F232E0 /* Info.plist */ = {isa = PBXFileReference; lastKnownFileType = text.plist.xml; path = Info.plist; sourceTree = "<group>"; };
/* End PBXFileReference section */

/* Begin PBXFrameworksBuildPhase section */
		18E63A24200D316E00F232E0 /* Frameworks */ = {
			isa = PBXFrameworksBuildPhase;
			buildActionMask = 2147483647;
			files = (
			);
			runOnlyForDeploymentPostprocessing = 0;
		};
		18E63A38200D316E00F232E0 /* Frameworks */ = {
			isa = PBXFrameworksBuildPhase;
			buildActionMask = 2147483647;
			files = (
			);
			runOnlyForDeploymentPostprocessing = 0;
		};
		18E63A43200D316E00F232E0 /* Frameworks */ = {
			isa = PBXFrameworksBuildPhase;
			buildActionMask = 2147483647;
			files = (
			);
			runOnlyForDeploymentPostprocessing = 0;
		};
/* End PBXFrameworksBuildPhase section */

/* Begin PBXGroup section */
		18E63A1E200D316E00F232E0 = {
			isa = PBXGroup;
			children = (
				18E63A29200D316E00F232E0 /* MiraclePill */,
				18E63A3E200D316E00F232E0 /* MiraclePillTests */,
				18E63A49200D316E00F232E0 /* MiraclePillUITests */,
				18E63A28200D316E00F232E0 /* Products */,
			);
			sourceTree = "<group>";
		};
		18E63A28200D316E00F232E0 /* Products */ = {
			isa = PBXGroup;
			children = (
				18E63A27200D316E00F232E0 /* MiraclePill.app */,
				18E63A3B200D316E00F232E0 /* MiraclePillTests.xctest */,
				18E63A46200D316E00F232E0 /* MiraclePillUITests.xctest */,
			);
			name = Products;
			sourceTree = "<group>";
		};
		18E63A29200D316E00F232E0 /* MiraclePill */ = {
			isa = PBXGroup;
			children = (
				18E63A2A200D316E00F232E0 /* AppDelegate.swift */,
				18E63A2C200D316E00F232E0 /* ViewController.swift */,
				18E63A2E200D316E00F232E0 /* Main.storyboard */,
				18E63A31200D316E00F232E0 /* Assets.xcassets */,
				18E63A33200D316E00F232E0 /* LaunchScreen.storyboard */,
				18E63A36200D316E00F232E0 /* Info.plist */,
			);
			path = MiraclePill;
			sourceTree = "<group>";
		};
		18E63A3E200D316E00F232E0 /* MiraclePillTests */ = {
			isa = PBXGroup;
			children = (
				18E63A3F200D316E00F232E0 /* MiraclePillTests.swift */,
				18E63A41200D316E00F232E0 /* Info.plist */,
			);
			path = MiraclePillTests;
			sourceTree = "<group>";
		};
		18E63A49200D316E00F232E0 /* MiraclePillUITests */ = {
			isa = PBXGroup;
			children = (
				18E63A4A200D316E00F232E0 /* MiraclePillUITests.swift */,
				18E63A4C200D316F00F232E0 /* Info.plist */,
			);
			path = MiraclePillUITests;
			sourceTree = "<group>";
		};
/* End PBXGroup section */

/* Begin PBXNativeTarget section */
		18E63A26200D316E00F232E0 /* MiraclePill */ = {
			isa = PBXNativeTarget;
			buildConfigurationList = 18E63A4F200D316F00F232E0 /* Build configuration list for PBXNativeTarget "MiraclePill" */;
			buildPhases = (
				18E63A23200D316E00F232E0 /* Sources */,
				18E63A24200D316E00F232E0 /* Frameworks */,
				18E63A25200D316E00F232E0 /* Resources */,
			);
			buildRules = (
			);
			dependencies = (
			);
			name = MiraclePill;
			productName = MiraclePill;
			productReference = 18E63A27200D316E00F232E0 /* MiraclePill.app */;
			productType = "com.apple.product-type.application";
		};
		18E63A3A200D316E00F232E0 /* MiraclePillTests */ = {
			isa = PBXNativeTarget;
			buildConfigurationList = 18E63A52200D316F00F232E0 /* Build configuration list for PBXNativeTarget "MiraclePillTests" */;
			buildPhases = (
				18E63A37200D316E00F232E0 /* Sources */,
				18E63A38200D316E00F232E0 /* Frameworks */,
				18E63A39200D316E00F232E0 /* Resources */,
			);
			buildRules = (
			);
			dependencies = (
				18E63A3D200D316E00F232E0 /* PBXTargetDependency */,
			);
			name = MiraclePillTests;
			productName = MiraclePillTests;
			productReference = 18E63A3B200D316E00F232E0 /* MiraclePillTests.xctest */;
			productType = "com.apple.product-type.bundle.unit-test";
		};
		18E63A45200D316E00F232E0 /* MiraclePillUITests */ = {
			isa = PBXNativeTarget;
			buildConfigurationList = 18E63A55200D316F00F232E0 /* Build configuration list for PBXNativeTarget "MiraclePillUITests" */;
			buildPhases = (
				18E63A42200D316E00F232E0 /* Sources */,
				18E63A43200D316E00F232E0 /* Frameworks */,
				18E63A44200D316E00F232E0 /* Resources */,
			);
			buildRules = (
			);
			dependencies = (
				18E63A48200D316E00F232E0 /* PBXTargetDependency */,
			);
			name = MiraclePillUITests;
			productName = MiraclePillUITests;
			productReference = 18E63A46200D316E00F232E0 /* MiraclePillUITests.xctest */;
			productType = "com.apple.product-type.bundle.ui-testing";
		};
/* End PBXNativeTarget section */

/* Begin PBXProject section */
		18E63A1F200D316E00F232E0 /* Project object */ = {
			isa = PBXProject;
			attributes = {
				LastSwiftUpdateCheck = 0920;
				LastUpgradeCheck = 0920;
				ORGANIZATIONNAME = "Bela Mate Barandi";
				TargetAttributes = {
					18E63A26200D316E00F232E0 = {
						CreatedOnToolsVersion = 9.2;
						ProvisioningStyle = Automatic;
					};
					18E63A3A200D316E00F232E0 = {
						CreatedOnToolsVersion = 9.2;
						ProvisioningStyle = Automatic;
						TestTargetID = 18E63A26200D316E00F232E0;
					};
					18E63A45200D316E00F232E0 = {
						CreatedOnToolsVersion = 9.2;
						ProvisioningStyle = Automatic;
						TestTargetID = 18E63A26200D316E00F232E0;
					};
				};
			};
			buildConfigurationList = 18E63A22200D316E00F232E0 /* Build configuration list for PBXProject "MiraclePill" */;
			compatibilityVersion = "Xcode 8.0";
			developmentRegion = en;
			hasScannedForEncodings = 0;
			knownRegions = (
				en,
				Base,
			);
			mainGroup = 18E63A1E200D316E00F232E0;
			productRefGroup = 18E63A28200D316E00F232E0 /* Products */;
			projectDirPath = "";
			projectRoot = "";
			targets = (
				18E63A26200D316E00F232E0 /* MiraclePill */,
				18E63A3A200D316E00F232E0 /* MiraclePillTests */,
				18E63A45200D316E00F232E0 /* MiraclePillUITests */,
			);
		};
/* End PBXProject section */

/* Begin PBXResourcesBuildPhase section */
		18E63A25200D316E00F232E0 /* Resources */ = {
			isa = PBXResourcesBuildPhase;
			buildActionMask = 2147483647;
			files = (
				18E63A35200D316E00F232E0 /* LaunchScreen.storyboard in Resources */,
				18E63A32200D316E00F232E0 /* Assets.xcassets in Resources */,
				18E63A30200D316E00F232E0 /* Main.storyboard in Resources */,
			);
			runOnlyForDeploymentPostprocessing = 0;
		};
		18E63A39200D316E00F232E0 /* Resources */ = {
			isa = PBXResourcesBuildPhase;
			buildActionMask = 2147483647;
			files = (
			);
			runOnlyForDeploymentPostprocessing = 0;
		};
		18E63A44200D316E00F232E0 /* Resources */ = {
			isa = PBXResourcesBuildPhase;
			buildActionMask = 2147483647;
			files = (
			);
			runOnlyForDeploymentPostprocessing = 0;
		};
/* End PBXResourcesBuildPhase section */

/* Begin PBXSourcesBuildPhase section */
		18E63A23200D316E00F232E0 /* Sources */ = {
			isa = PBXSourcesBuildPhase;
			buildActionMask = 2147483647;
			files = (
				18E63A2D200D316E00F232E0 /* ViewController.swift in Sources */,
				18E63A2B200D316E00F232E0 /* AppDelegate.swift in Sources */,
			);
			runOnlyForDeploymentPostprocessing = 0;
		};
		18E63A37200D316E00F232E0 /* Sources */ = {
			isa = PBXSourcesBuildPhase;
			buildActionMask = 2147483647;
			files = (
				18E63A40200D316E00F232E0 /* MiraclePillTests.swift in Sources */,
			);
			runOnlyForDeploymentPostprocessing = 0;
		};
		18E63A42200D316E00F232E0 /* Sources */ = {
			isa = PBXSourcesBuildPhase;
			buildActionMask = 2147483647;
			files = (
				18E63A4B200D316E00F232E0 /* MiraclePillUITests.swift in Sources */,
			);
			runOnlyForDeploymentPostprocessing = 0;
		};
/* End PBXSourcesBuildPhase section */

/* Begin PBXTargetDependency section */
		18E63A3D200D316E00F232E0 /* PBXTargetDependency */ = {
			isa = PBXTargetDependency;
			target = 18E63A26200D316E00F232E0 /* MiraclePill */;
			targetProxy = 18E63A3C200D316E00F232E0 /* PBXContainerItemProxy */;
		};
		18E63A48200D316E00F232E0 /* PBXTargetDependency */ = {
			isa = PBXTargetDependency;
			target = 18E63A26200D316E00F232E0 /* MiraclePill */;
			targetProxy = 18E63A47200D316E00F232E0 /* PBXContainerItemProxy */;
		};
/* End PBXTargetDependency section */

/* Begin PBXVariantGroup section */
		18E63A2E200D316E00F232E0 /* Main.storyboard */ = {
			isa = PBXVariantGroup;
			children = (
				18E63A2F200D316E00F232E0 /* Base */,
			);
			name = Main.storyboard;
			sourceTree = "<group>";
		};
		18E63A33200D316E00F232E0 /* LaunchScreen.storyboard */ = {
			isa = PBXVariantGroup;
			children = (
				18E63A34200D316E00F232E0 /* Base */,
			);
			name = LaunchScreen.storyboard;
			sourceTree = "<group>";
		};
/* End PBXVariantGroup section */

/* Begin XCBuildConfiguration section */
		18E63A4D200D316F00F232E0 /* Debug */ = {
			isa = XCBuildConfiguration;
			buildSettings = {
				ALWAYS_SEARCH_USER_PATHS = NO;
				CLANG_ANALYZER_NONNULL = YES;
				CLANG_ANALYZER_NUMBER_OBJECT_CONVERSION = YES_AGGRESSIVE;
				CLANG_CXX_LANGUAGE_STANDARD = "gnu++14";
				CLANG_CXX_LIBRARY = "libc++";
				CLANG_ENABLE_MODULES = YES;
				CLANG_ENABLE_OBJC_ARC = YES;
				CLANG_WARN_BLOCK_CAPTURE_AUTORELEASING = YES;
				CLANG_WARN_BOOL_CONVERSION = YES;
				CLANG_WARN_COMMA = YES;
				CLANG_WARN_CONSTANT_CONVERSION = YES;
				CLANG_WARN_DIRECT_OBJC_ISA_USAGE = YES_ERROR;
				CLANG_WARN_DOCUMENTATION_COMMENTS = YES;
				CLANG_WARN_EMPTY_BODY = YES;
				CLANG_WARN_ENUM_CONVERSION = YES;
				CLANG_WARN_INFINITE_RECURSION = YES;
				CLANG_WARN_INT_CONVERSION = YES;
				CLANG_WARN_NON_LITERAL_NULL_CONVERSION = YES;
				CLANG_WARN_OBJC_LITERAL_CONVERSION = YES;
				CLANG_WARN_OBJC_ROOT_CLASS = YES_ERROR;
				CLANG_WARN_RANGE_LOOP_ANALYSIS = YES;
				CLANG_WARN_STRICT_PROTOTYPES = YES;
				CLANG_WARN_SUSPICIOUS_MOVE = YES;
				CLANG_WARN_UNGUARDED_AVAILABILITY = YES_AGGRESSIVE;
				CLANG_WARN_UNREACHABLE_CODE = YES;
				CLANG_WARN__DUPLICATE_METHOD_MATCH = YES;
				CODE_SIGN_IDENTITY = "iPhone Developer";
				COPY_PHASE_STRIP = NO;
				DEBUG_INFORMATION_FORMAT = dwarf;
				ENABLE_STRICT_OBJC_MSGSEND = YES;
				ENABLE_TESTABILITY = YES;
				GCC_C_LANGUAGE_STANDARD = gnu11;
				GCC_DYNAMIC_NO_PIC = NO;
				GCC_NO_COMMON_BLOCKS = YES;
				GCC_OPTIMIZATION_LEVEL = 0;
				GCC_PREPROCESSOR_DEFINITIONS = (
					"DEBUG=1",
					"$(inherited)",
				);
				GCC_WARN_64_TO_32_BIT_CONVERSION = YES;
				GCC_WARN_ABOUT_RETURN_TYPE = YES_ERROR;
				GCC_WARN_UNDECLARED_SELECTOR = YES;
				GCC_WARN_UNINITIALIZED_AUTOS = YES_AGGRESSIVE;
				GCC_WARN_UNUSED_FUNCTION = YES;
				GCC_WARN_UNUSED_VARIABLE = YES;
				IPHONEOS_DEPLOYMENT_TARGET = 11.2;
				MTL_ENABLE_DEBUG_INFO = YES;
				ONLY_ACTIVE_ARCH = YES;
				SDKROOT = iphoneos;
				SWIFT_ACTIVE_COMPILATION_CONDITIONS = DEBUG;
				SWIFT_OPTIMIZATION_LEVEL = "-Onone";
			};
			name = Debug;
		};
		18E63A4E200D316F00F232E0 /* Release */ = {
			isa = XCBuildConfiguration;
			buildSettings = {
				ALWAYS_SEARCH_USER_PATHS = NO;
				CLANG_ANALYZER_NONNULL = YES;
				CLANG_ANALYZER_NUMBER_OBJECT_CONVERSION = YES_AGGRESSIVE;
				CLANG_CXX_LANGUAGE_STANDARD = "gnu++14";
				CLANG_CXX_LIBRARY = "libc++";
				CLANG_ENABLE_MODULES = YES;
				CLANG_ENABLE_OBJC_ARC = YES;
				CLANG_WARN_BLOCK_CAPTURE_AUTORELEASING = YES;
				CLANG_WARN_BOOL_CONVERSION = YES;
				CLANG_WARN_COMMA = YES;
				CLANG_WARN_CONSTANT_CONVERSION = YES;
				CLANG_WARN_DIRECT_OBJC_ISA_USAGE = YES_ERROR;
				CLANG_WARN_DOCUMENTATION_COMMENTS = YES;
				CLANG_WARN_EMPTY_BODY = YES;
				CLANG_WARN_ENUM_CONVERSION = YES;
				CLANG_WARN_INFINITE_RECURSION = YES;
				CLANG_WARN_INT_CONVERSION = YES;
				CLANG_WARN_NON_LITERAL_NULL_CONVERSION = YES;
				CLANG_WARN_OBJC_LITERAL_CONVERSION = YES;
				CLANG_WARN_OBJC_ROOT_CLASS = YES_ERROR;
				CLANG_WARN_RANGE_LOOP_ANALYSIS = YES;
				CLANG_WARN_STRICT_PROTOTYPES = YES;
				CLANG_WARN_SUSPICIOUS_MOVE = YES;
				CLANG_WARN_UNGUARDED_AVAILABILITY = YES_AGGRESSIVE;
				CLANG_WARN_UNREACHABLE_CODE = YES;
				CLANG_WARN__DUPLICATE_METHOD_MATCH = YES;
				CODE_SIGN_IDENTITY = "iPhone Developer";
				COPY_PHASE_STRIP = NO;
				DEBUG_INFORMATION_FORMAT = "dwarf-with-dsym";
				ENABLE_NS_ASSERTIONS = NO;
				ENABLE_STRICT_OBJC_MSGSEND = YES;
				GCC_C_LANGUAGE_STANDARD = gnu11;
				GCC_NO_COMMON_BLOCKS = YES;
				GCC_WARN_64_TO_32_BIT_CONVERSION = YES;
				GCC_WARN_ABOUT_RETURN_TYPE = YES_ERROR;
				GCC_WARN_UNDECLARED_SELECTOR = YES;
				GCC_WARN_UNINITIALIZED_AUTOS = YES_AGGRESSIVE;
				GCC_WARN_UNUSED_FUNCTION = YES;
				GCC_WARN_UNUSED_VARIABLE = YES;
				IPHONEOS_DEPLOYMENT_TARGET = 11.2;
				MTL_ENABLE_DEBUG_INFO = NO;
				SDKROOT = iphoneos;
				SWIFT_OPTIMIZATION_LEVEL = "-Owholemodule";
				VALIDATE_PRODUCT = YES;
			};
			name = Release;
		};
		18E63A50200D316F00F232E0 /* Debug */ = {
			isa = XCBuildConfiguration;
			buildSettings = {
				ASSETCATALOG_COMPILER_APPICON_NAME = AppIcon;
				CODE_SIGN_STYLE = Automatic;
				INFOPLIST_FILE = MiraclePill/Info.plist;
				LD_RUNPATH_SEARCH_PATHS = "$(inherited) @executable_path/Frameworks";
				PRODUCT_BUNDLE_IDENTIFIER = edu.self.MiraclePill;
				PRODUCT_NAME = "$(TARGET_NAME)";
				SWIFT_VERSION = 4.0;
				TARGETED_DEVICE_FAMILY = "1,2";
			};
			name = Debug;
		};
		18E63A51200D316F00F232E0 /* Release */ = {
			isa = XCBuildConfiguration;
			buildSettings = {
				ASSETCATALOG_COMPILER_APPICON_NAME = AppIcon;
				CODE_SIGN_STYLE = Automatic;
				INFOPLIST_FILE = MiraclePill/Info.plist;
				LD_RUNPATH_SEARCH_PATHS = "$(inherited) @executable_path/Frameworks";
				PRODUCT_BUNDLE_IDENTIFIER = edu.self.MiraclePill;
				PRODUCT_NAME = "$(TARGET_NAME)";
				SWIFT_VERSION = 4.0;
				TARGETED_DEVICE_FAMILY = "1,2";
			};
			name = Release;
		};
		18E63A53200D316F00F232E0 /* Debug */ = {
			isa = XCBuildConfiguration;
			buildSettings = {
				ALWAYS_EMBED_SWIFT_STANDARD_LIBRARIES = YES;
				BUNDLE_LOADER = "$(TEST_HOST)";
				CODE_SIGN_STYLE = Automatic;
				INFOPLIST_FILE = MiraclePillTests/Info.plist;
				LD_RUNPATH_SEARCH_PATHS = "$(inherited) @executable_path/Frameworks @loader_path/Frameworks";
				PRODUCT_BUNDLE_IDENTIFIER = edu.self.MiraclePillTests;
				PRODUCT_NAME = "$(TARGET_NAME)";
				SWIFT_VERSION = 4.0;
				TARGETED_DEVICE_FAMILY = "1,2";
				TEST_HOST = "$(BUILT_PRODUCTS_DIR)/MiraclePill.app/MiraclePill";
			};
			name = Debug;
		};
		18E63A54200D316F00F232E0 /* Release */ = {
			isa = XCBuildConfiguration;
			buildSettings = {
				ALWAYS_EMBED_SWIFT_STANDARD_LIBRARIES = YES;
				BUNDLE_LOADER = "$(TEST_HOST)";
				CODE_SIGN_STYLE = Automatic;
				INFOPLIST_FILE = MiraclePillTests/Info.plist;
				LD_RUNPATH_SEARCH_PATHS = "$(inherited) @executable_path/Frameworks @loader_path/Frameworks";
				PRODUCT_BUNDLE_IDENTIFIER = edu.self.MiraclePillTests;
				PRODUCT_NAME = "$(TARGET_NAME)";
				SWIFT_VERSION = 4.0;
				TARGETED_DEVICE_FAMILY = "1,2";
				TEST_HOST = "$(BUILT_PRODUCTS_DIR)/MiraclePill.app/MiraclePill";
			};
			name = Release;
		};
		18E63A56200D316F00F232E0 /* Debug */ = {
			isa = XCBuildConfiguration;
			buildSettings = {
				ALWAYS_EMBED_SWIFT_STANDARD_LIBRARIES = YES;
				CODE_SIGN_STYLE = Automatic;
				INFOPLIST_FILE = MiraclePillUITests/Info.plist;
				LD_RUNPATH_SEARCH_PATHS = "$(inherited) @executable_path/Frameworks @loader_path/Frameworks";
				PRODUCT_BUNDLE_IDENTIFIER = edu.self.MiraclePillUITests;
				PRODUCT_NAME = "$(TARGET_NAME)";
				SWIFT_VERSION = 4.0;
				TARGETED_DEVICE_FAMILY = "1,2";
				TEST_TARGET_NAME = MiraclePill;
			};
			name = Debug;
		};
		18E63A57200D316F00F232E0 /* Release */ = {
			isa = XCBuildConfiguration;
			buildSettings = {
				ALWAYS_EMBED_SWIFT_STANDARD_LIBRARIES = YES;
				CODE_SIGN_STYLE = Automatic;
				INFOPLIST_FILE = MiraclePillUITests/Info.plist;
				LD_RUNPATH_SEARCH_PATHS = "$(inherited) @executable_path/Frameworks @loader_path/Frameworks";
				PRODUCT_BUNDLE_IDENTIFIER = edu.self.MiraclePillUITests;
				PRODUCT_NAME = "$(TARGET_NAME)";
				SWIFT_VERSION = 4.0;
				TARGETED_DEVICE_FAMILY = "1,2";
				TEST_TARGET_NAME = MiraclePill;
			};
			name = Release;
		};
/* End XCBuildConfiguration section */

/* Begin XCConfigurationList section */
		18E63A22200D316E00F232E0 /* Build configuration list for PBXProject "MiraclePill" */ = {
			isa = XCConfigurationList;
			buildConfigurations = (
				18E63A4D200D316F00F232E0 /* Debug */,
				18E63A4E200D316F00F232E0 /* Release */,
			);
			defaultConfigurationIsVisible = 0;
			defaultConfigurationName = Release;
		};
		18E63A4F200D316F00F232E0 /* Build configuration list for PBXNativeTarget "MiraclePill" */ = {
			isa = XCConfigurationList;
			buildConfigurations = (
				18E63A50200D316F00F232E0 /* Debug */,
				18E63A51200D316F00F232E0 /* Release */,
			);
			defaultConfigurationIsVisible = 0;
			defaultConfigurationName = Release;
		};
		18E63A52200D316F00F232E0 /* Build configuration list for PBXNativeTarget "MiraclePillTests" */ = {
			isa = XCConfigurationList;
			buildConfigurations = (
				18E63A53200D316F00F232E0 /* Debug */,
				18E63A54200D316F00F232E0 /* Release */,
			);
			defaultConfigurationIsVisible = 0;
			defaultConfigurationName = Release;
		};
		18E63A55200D316F00F232E0 /* Build configuration list for PBXNativeTarget "MiraclePillUITests" */ = {
			isa = XCConfigurationList;
			buildConfigurations = (
				18E63A56200D316F00F232E0 /* Debug */,
				18E63A57200D316F00F232E0 /* Release */,
			);
			defaultConfigurationIsVisible = 0;
			defaultConfigurationName = Release;
		};
/* End XCConfigurationList section */
	};
	rootObject = 18E63A1F200D316E00F232E0 /* Project object */;
}
